
Microsoft Visual Studio Solution File, Format Version 12.00
Project("{FAE04EC0-301F-11D3-BF4B-00C04F79EFBC}") = "WebApiMagazyn", "WebApiMagazyn.csproj", "{99F247E9-47E1-45EC-932E-9B84121931FF}"
EndProject
Global
	GlobalSection(SolutionConfigurationPlatforms) = preSolution
		Debug|Any CPU = Debug|Any CPU
		Release|Any CPU = Release|Any CPU
	EndGlobalSection
	GlobalSection(ProjectConfigurationPlatforms) = postSolution
		{99F247E9-47E1-45EC-932E-9B84121931FF}.Debug|Any CPU.ActiveCfg = Debug|Any CPU
		{99F247E9-47E1-45EC-932E-9B84121931FF}.Debug|Any CPU.Build.0 = Debug|Any CPU
		{99F247E9-47E1-45EC-932E-9B84121931FF}.Release|Any CPU.ActiveCfg = Release|Any CPU
		{99F247E9-47E1-45EC-932E-9B84121931FF}.Release|Any CPU.Build.0 = Release|Any CPU
	EndGlobalSection
EndGlobal
